// !$*UTF8*$!
{
	archiveVersion = 1;
	classes = {
	};
	objectVersion = 56;
	objects = {

/* Begin PBXBuildFile section */
		80027F9D2979E3AA0036C0DF /* GFEmptyStateView.swift in Sources */ = {isa = PBXBuildFile; fileRef = 80027F9C2979E3AA0036C0DF /* GFEmptyStateView.swift */; };
		80027F9F297AC8BB0036C0DF /* UserInfoVC.swift in Sources */ = {isa = PBXBuildFile; fileRef = 80027F9E297AC8BB0036C0DF /* UserInfoVC.swift */; };
		80027FA1297AD7BE0036C0DF /* GFError.swift in Sources */ = {isa = PBXBuildFile; fileRef = 80027FA0297AD7BE0036C0DF /* GFError.swift */; };
		80027FA3297ADA840036C0DF /* GFUserInfoHeaderVC.swift in Sources */ = {isa = PBXBuildFile; fileRef = 80027FA2297ADA840036C0DF /* GFUserInfoHeaderVC.swift */; };
		80027FA5297ADAE00036C0DF /* GFSecondaryTitleLabel.swift in Sources */ = {isa = PBXBuildFile; fileRef = 80027FA4297ADAE00036C0DF /* GFSecondaryTitleLabel.swift */; };
		80027FA7297AE03F0036C0DF /* Constants.swift in Sources */ = {isa = PBXBuildFile; fileRef = 80027FA6297AE03F0036C0DF /* Constants.swift */; };
		80027FA9297AE7AA0036C0DF /* GFItemInfoView.swift in Sources */ = {isa = PBXBuildFile; fileRef = 80027FA8297AE7AA0036C0DF /* GFItemInfoView.swift */; };
		80027FAB297AEA690036C0DF /* GFItemInfoVC.swift in Sources */ = {isa = PBXBuildFile; fileRef = 80027FAA297AEA690036C0DF /* GFItemInfoVC.swift */; };
		80027FAD297AEDA80036C0DF /* GFRepoItemVC.swift in Sources */ = {isa = PBXBuildFile; fileRef = 80027FAC297AEDA80036C0DF /* GFRepoItemVC.swift */; };
		800CDCEF297840C400330B7C /* GFAlertContainerView.swift in Sources */ = {isa = PBXBuildFile; fileRef = 800CDCEE297840C400330B7C /* GFAlertContainerView.swift */; };
		800CDCF2297846FE00330B7C /* Follower.swift in Sources */ = {isa = PBXBuildFile; fileRef = 800CDCF1297846FE00330B7C /* Follower.swift */; };
		800CDCF42978477C00330B7C /* User.swift in Sources */ = {isa = PBXBuildFile; fileRef = 800CDCF32978477C00330B7C /* User.swift */; };
		800CDCF729784AAC00330B7C /* NetworkManager.swift in Sources */ = {isa = PBXBuildFile; fileRef = 800CDCF629784AAC00330B7C /* NetworkManager.swift */; };
		800CDCFD2978590E00330B7C /* FollowerCell.swift in Sources */ = {isa = PBXBuildFile; fileRef = 800CDCFC2978590E00330B7C /* FollowerCell.swift */; };
		800CDCFF2978597500330B7C /* GFAvatarImageView.swift in Sources */ = {isa = PBXBuildFile; fileRef = 800CDCFE2978597500330B7C /* GFAvatarImageView.swift */; };
		800CDD0129786CFC00330B7C /* UIHelper.swift in Sources */ = {isa = PBXBuildFile; fileRef = 800CDD0029786CFC00330B7C /* UIHelper.swift */; };
		8029D3402976F2210092EB4E /* GFTitleLabel.swift in Sources */ = {isa = PBXBuildFile; fileRef = 8029D33F2976F2210092EB4E /* GFTitleLabel.swift */; };
		8029D3422976F30D0092EB4E /* GFBodyLabel.swift in Sources */ = {isa = PBXBuildFile; fileRef = 8029D3412976F30D0092EB4E /* GFBodyLabel.swift */; };
		8029D3442976F3860092EB4E /* GFAlertVC.swift in Sources */ = {isa = PBXBuildFile; fileRef = 8029D3432976F3860092EB4E /* GFAlertVC.swift */; };
		8029D3462976F9170092EB4E /* UIViewController+Extension.swift in Sources */ = {isa = PBXBuildFile; fileRef = 8029D3452976F9170092EB4E /* UIViewController+Extension.swift */; };
		80C109862975A56400D4BE16 /* AppDelegate.swift in Sources */ = {isa = PBXBuildFile; fileRef = 80C109852975A56400D4BE16 /* AppDelegate.swift */; };
		80C109882975A56400D4BE16 /* SceneDelegate.swift in Sources */ = {isa = PBXBuildFile; fileRef = 80C109872975A56400D4BE16 /* SceneDelegate.swift */; };
		80C1098A2975A56400D4BE16 /* ViewController.swift in Sources */ = {isa = PBXBuildFile; fileRef = 80C109892975A56400D4BE16 /* ViewController.swift */; };
		80C1098F2975A56500D4BE16 /* Assets.xcassets in Resources */ = {isa = PBXBuildFile; fileRef = 80C1098E2975A56500D4BE16 /* Assets.xcassets */; };
		80C109922975A56500D4BE16 /* LaunchScreen.storyboard in Resources */ = {isa = PBXBuildFile; fileRef = 80C109902975A56500D4BE16 /* LaunchScreen.storyboard */; };
		80C1099A2975AA9000D4BE16 /* SearchVC.swift in Sources */ = {isa = PBXBuildFile; fileRef = 80C109992975AA9000D4BE16 /* SearchVC.swift */; };
		80C1099C2975AAB400D4BE16 /* FavoritesVC.swift in Sources */ = {isa = PBXBuildFile; fileRef = 80C1099B2975AAB400D4BE16 /* FavoritesVC.swift */; };
		80C1099E2975B19900D4BE16 /* GFButton.swift in Sources */ = {isa = PBXBuildFile; fileRef = 80C1099D2975B19900D4BE16 /* GFButton.swift */; };
		80C109A02975B3EB00D4BE16 /* GFTextField.swift in Sources */ = {isa = PBXBuildFile; fileRef = 80C1099F2975B3EB00D4BE16 /* GFTextField.swift */; };
		80C109A22975C54A00D4BE16 /* FollowerListVC.swift in Sources */ = {isa = PBXBuildFile; fileRef = 80C109A12975C54A00D4BE16 /* FollowerListVC.swift */; };
		80C46728297AF15D0081E1A4 /* Date+Extension.swift in Sources */ = {isa = PBXBuildFile; fileRef = 80C46727297AF15D0081E1A4 /* Date+Extension.swift */; };
		80C4672A297AF1890081E1A4 /* String+Extension.swift in Sources */ = {isa = PBXBuildFile; fileRef = 80C46729297AF1890081E1A4 /* String+Extension.swift */; };
		80E23891297AFC9A00F455BC /* GFFollowerItemVC.swift in Sources */ = {isa = PBXBuildFile; fileRef = 80E23890297AFC9A00F455BC /* GFFollowerItemVC.swift */; };
/* End PBXBuildFile section */

/* Begin PBXFileReference section */
		80027F9C2979E3AA0036C0DF /* GFEmptyStateView.swift */ = {isa = PBXFileReference; lastKnownFileType = sourcecode.swift; path = GFEmptyStateView.swift; sourceTree = "<group>"; };
		80027F9E297AC8BB0036C0DF /* UserInfoVC.swift */ = {isa = PBXFileReference; lastKnownFileType = sourcecode.swift; path = UserInfoVC.swift; sourceTree = "<group>"; };
		80027FA0297AD7BE0036C0DF /* GFError.swift */ = {isa = PBXFileReference; lastKnownFileType = sourcecode.swift; path = GFError.swift; sourceTree = "<group>"; };
		80027FA2297ADA840036C0DF /* GFUserInfoHeaderVC.swift */ = {isa = PBXFileReference; lastKnownFileType = sourcecode.swift; path = GFUserInfoHeaderVC.swift; sourceTree = "<group>"; };
		80027FA4297ADAE00036C0DF /* GFSecondaryTitleLabel.swift */ = {isa = PBXFileReference; lastKnownFileType = sourcecode.swift; path = GFSecondaryTitleLabel.swift; sourceTree = "<group>"; };
		80027FA6297AE03F0036C0DF /* Constants.swift */ = {isa = PBXFileReference; lastKnownFileType = sourcecode.swift; path = Constants.swift; sourceTree = "<group>"; };
		80027FA8297AE7AA0036C0DF /* GFItemInfoView.swift */ = {isa = PBXFileReference; lastKnownFileType = sourcecode.swift; path = GFItemInfoView.swift; sourceTree = "<group>"; };
		80027FAA297AEA690036C0DF /* GFItemInfoVC.swift */ = {isa = PBXFileReference; lastKnownFileType = sourcecode.swift; path = GFItemInfoVC.swift; sourceTree = "<group>"; };
		80027FAC297AEDA80036C0DF /* GFRepoItemVC.swift */ = {isa = PBXFileReference; lastKnownFileType = sourcecode.swift; path = GFRepoItemVC.swift; sourceTree = "<group>"; };
		800CDCEE297840C400330B7C /* GFAlertContainerView.swift */ = {isa = PBXFileReference; lastKnownFileType = sourcecode.swift; path = GFAlertContainerView.swift; sourceTree = "<group>"; };
		800CDCF1297846FE00330B7C /* Follower.swift */ = {isa = PBXFileReference; lastKnownFileType = sourcecode.swift; path = Follower.swift; sourceTree = "<group>"; };
		800CDCF32978477C00330B7C /* User.swift */ = {isa = PBXFileReference; lastKnownFileType = sourcecode.swift; path = User.swift; sourceTree = "<group>"; };
		800CDCF629784AAC00330B7C /* NetworkManager.swift */ = {isa = PBXFileReference; lastKnownFileType = sourcecode.swift; path = NetworkManager.swift; sourceTree = "<group>"; };
		800CDCFC2978590E00330B7C /* FollowerCell.swift */ = {isa = PBXFileReference; lastKnownFileType = sourcecode.swift; path = FollowerCell.swift; sourceTree = "<group>"; };
		800CDCFE2978597500330B7C /* GFAvatarImageView.swift */ = {isa = PBXFileReference; lastKnownFileType = sourcecode.swift; path = GFAvatarImageView.swift; sourceTree = "<group>"; };
		800CDD0029786CFC00330B7C /* UIHelper.swift */ = {isa = PBXFileReference; lastKnownFileType = sourcecode.swift; path = UIHelper.swift; sourceTree = "<group>"; };
		8029D33F2976F2210092EB4E /* GFTitleLabel.swift */ = {isa = PBXFileReference; lastKnownFileType = sourcecode.swift; path = GFTitleLabel.swift; sourceTree = "<group>"; };
		8029D3412976F30D0092EB4E /* GFBodyLabel.swift */ = {isa = PBXFileReference; lastKnownFileType = sourcecode.swift; path = GFBodyLabel.swift; sourceTree = "<group>"; };
		8029D3432976F3860092EB4E /* GFAlertVC.swift */ = {isa = PBXFileReference; lastKnownFileType = sourcecode.swift; path = GFAlertVC.swift; sourceTree = "<group>"; };
		8029D3452976F9170092EB4E /* UIViewController+Extension.swift */ = {isa = PBXFileReference; lastKnownFileType = sourcecode.swift; path = "UIViewController+Extension.swift"; sourceTree = "<group>"; };
		80C109822975A56400D4BE16 /* GitHub Followers.app */ = {isa = PBXFileReference; explicitFileType = wrapper.application; includeInIndex = 0; path = "GitHub Followers.app"; sourceTree = BUILT_PRODUCTS_DIR; };
		80C109852975A56400D4BE16 /* AppDelegate.swift */ = {isa = PBXFileReference; lastKnownFileType = sourcecode.swift; path = AppDelegate.swift; sourceTree = "<group>"; };
		80C109872975A56400D4BE16 /* SceneDelegate.swift */ = {isa = PBXFileReference; lastKnownFileType = sourcecode.swift; path = SceneDelegate.swift; sourceTree = "<group>"; };
		80C109892975A56400D4BE16 /* ViewController.swift */ = {isa = PBXFileReference; lastKnownFileType = sourcecode.swift; path = ViewController.swift; sourceTree = "<group>"; };
		80C1098E2975A56500D4BE16 /* Assets.xcassets */ = {isa = PBXFileReference; lastKnownFileType = folder.assetcatalog; path = Assets.xcassets; sourceTree = "<group>"; };
		80C109912975A56500D4BE16 /* Base */ = {isa = PBXFileReference; lastKnownFileType = file.storyboard; name = Base; path = Base.lproj/LaunchScreen.storyboard; sourceTree = "<group>"; };
		80C109932975A56500D4BE16 /* Info.plist */ = {isa = PBXFileReference; lastKnownFileType = text.plist.xml; path = Info.plist; sourceTree = "<group>"; };
		80C109992975AA9000D4BE16 /* SearchVC.swift */ = {isa = PBXFileReference; lastKnownFileType = sourcecode.swift; path = SearchVC.swift; sourceTree = "<group>"; };
		80C1099B2975AAB400D4BE16 /* FavoritesVC.swift */ = {isa = PBXFileReference; lastKnownFileType = sourcecode.swift; path = FavoritesVC.swift; sourceTree = "<group>"; };
		80C1099D2975B19900D4BE16 /* GFButton.swift */ = {isa = PBXFileReference; lastKnownFileType = sourcecode.swift; path = GFButton.swift; sourceTree = "<group>"; };
		80C1099F2975B3EB00D4BE16 /* GFTextField.swift */ = {isa = PBXFileReference; lastKnownFileType = sourcecode.swift; path = GFTextField.swift; sourceTree = "<group>"; };
		80C109A12975C54A00D4BE16 /* FollowerListVC.swift */ = {isa = PBXFileReference; lastKnownFileType = sourcecode.swift; path = FollowerListVC.swift; sourceTree = "<group>"; };
		80C46727297AF15D0081E1A4 /* Date+Extension.swift */ = {isa = PBXFileReference; lastKnownFileType = sourcecode.swift; path = "Date+Extension.swift"; sourceTree = "<group>"; };
		80C46729297AF1890081E1A4 /* String+Extension.swift */ = {isa = PBXFileReference; lastKnownFileType = sourcecode.swift; path = "String+Extension.swift"; sourceTree = "<group>"; };
		80E23890297AFC9A00F455BC /* GFFollowerItemVC.swift */ = {isa = PBXFileReference; lastKnownFileType = sourcecode.swift; path = GFFollowerItemVC.swift; sourceTree = "<group>"; };
/* End PBXFileReference section */

/* Begin PBXFrameworksBuildPhase section */
		80C1097F2975A56400D4BE16 /* Frameworks */ = {
			isa = PBXFrameworksBuildPhase;
			buildActionMask = 2147483647;
			files = (
			);
			runOnlyForDeploymentPostprocessing = 0;
		};
/* End PBXFrameworksBuildPhase section */

/* Begin PBXGroup section */
		80027F962979E30A0036C0DF /* Buttons */ = {
			isa = PBXGroup;
			children = (
				80C1099D2975B19900D4BE16 /* GFButton.swift */,
			);
			path = Buttons;
			sourceTree = "<group>";
		};
		80027F972979E3160036C0DF /* TextFields */ = {
			isa = PBXGroup;
			children = (
				80C1099F2975B3EB00D4BE16 /* GFTextField.swift */,
			);
			path = TextFields;
			sourceTree = "<group>";
		};
		80027F982979E31D0036C0DF /* ImageViews */ = {
			isa = PBXGroup;
			children = (
				800CDCFE2978597500330B7C /* GFAvatarImageView.swift */,
			);
			path = ImageViews;
			sourceTree = "<group>";
		};
		80027F992979E3270036C0DF /* ViewControllers */ = {
			isa = PBXGroup;
			children = (
				80027FB0297AEF450036C0DF /* ItemInfoVCs */,
				8029D3432976F3860092EB4E /* GFAlertVC.swift */,
				80027FA2297ADA840036C0DF /* GFUserInfoHeaderVC.swift */,
			);
			path = ViewControllers;
			sourceTree = "<group>";
		};
		80027F9A2979E32F0036C0DF /* Views */ = {
			isa = PBXGroup;
			children = (
				80027F9C2979E3AA0036C0DF /* GFEmptyStateView.swift */,
				80027FA8297AE7AA0036C0DF /* GFItemInfoView.swift */,
			);
			path = Views;
			sourceTree = "<group>";
		};
		80027F9B2979E3520036C0DF /* Labels */ = {
			isa = PBXGroup;
			children = (
				8029D33F2976F2210092EB4E /* GFTitleLabel.swift */,
				8029D3412976F30D0092EB4E /* GFBodyLabel.swift */,
				80027FA4297ADAE00036C0DF /* GFSecondaryTitleLabel.swift */,
			);
			path = Labels;
			sourceTree = "<group>";
		};
		80027FB0297AEF450036C0DF /* ItemInfoVCs */ = {
			isa = PBXGroup;
			children = (
				80027FAA297AEA690036C0DF /* GFItemInfoVC.swift */,
				80027FAC297AEDA80036C0DF /* GFRepoItemVC.swift */,
				80E23890297AFC9A00F455BC /* GFFollowerItemVC.swift */,
			);
			path = ItemInfoVCs;
			sourceTree = "<group>";
		};
		800CDCF0297846ED00330B7C /* Model */ = {
			isa = PBXGroup;
			children = (
				800CDCF1297846FE00330B7C /* Follower.swift */,
				800CDCF32978477C00330B7C /* User.swift */,
			);
			path = Model;
			sourceTree = "<group>";
		};
		800CDCF529784A9000330B7C /* Services */ = {
			isa = PBXGroup;
			children = (
				800CDCF629784AAC00330B7C /* NetworkManager.swift */,
			);
			path = Services;
			sourceTree = "<group>";
		};
		800CDCF82978521200330B7C /* Utilities */ = {
			isa = PBXGroup;
			children = (
				800CDD0029786CFC00330B7C /* UIHelper.swift */,
				80027FA0297AD7BE0036C0DF /* GFError.swift */,
				80027FA6297AE03F0036C0DF /* Constants.swift */,
			);
			path = Utilities;
			sourceTree = "<group>";
		};
		800CDCFB297858F000330B7C /* Cells */ = {
			isa = PBXGroup;
			children = (
				800CDCFC2978590E00330B7C /* FollowerCell.swift */,
			);
			path = Cells;
			sourceTree = "<group>";
		};
		8029D347297708BE0092EB4E /* Screens */ = {
			isa = PBXGroup;
			children = (
				80C109992975AA9000D4BE16 /* SearchVC.swift */,
				80C1099B2975AAB400D4BE16 /* FavoritesVC.swift */,
				80C109A12975C54A00D4BE16 /* FollowerListVC.swift */,
				80027F9E297AC8BB0036C0DF /* UserInfoVC.swift */,
			);
			path = Screens;
			sourceTree = "<group>";
		};
		8029D348297708D90092EB4E /* Custom Views */ = {
			isa = PBXGroup;
			children = (
				80027F9B2979E3520036C0DF /* Labels */,
				80027F9A2979E32F0036C0DF /* Views */,
				80027F992979E3270036C0DF /* ViewControllers */,
				80027F982979E31D0036C0DF /* ImageViews */,
				80027F972979E3160036C0DF /* TextFields */,
				80027F962979E30A0036C0DF /* Buttons */,
				800CDCFB297858F000330B7C /* Cells */,
				800CDCEE297840C400330B7C /* GFAlertContainerView.swift */,
			);
			path = "Custom Views";
			sourceTree = "<group>";
		};
		8029D3492977090B0092EB4E /* Extensions */ = {
			isa = PBXGroup;
			children = (
				8029D3452976F9170092EB4E /* UIViewController+Extension.swift */,
				80C46727297AF15D0081E1A4 /* Date+Extension.swift */,
				80C46729297AF1890081E1A4 /* String+Extension.swift */,
			);
			path = Extensions;
			sourceTree = "<group>";
		};
		8029D34A297709580092EB4E /* Support */ = {
			isa = PBXGroup;
			children = (
				80C109852975A56400D4BE16 /* AppDelegate.swift */,
				80C109872975A56400D4BE16 /* SceneDelegate.swift */,
				80C109892975A56400D4BE16 /* ViewController.swift */,
				80C1098E2975A56500D4BE16 /* Assets.xcassets */,
				80C109902975A56500D4BE16 /* LaunchScreen.storyboard */,
			);
			path = Support;
			sourceTree = "<group>";
		};
		80C109792975A56400D4BE16 = {
			isa = PBXGroup;
			children = (
				80C109842975A56400D4BE16 /* GitHub Followers */,
				80C109832975A56400D4BE16 /* Products */,
			);
			sourceTree = "<group>";
		};
		80C109832975A56400D4BE16 /* Products */ = {
			isa = PBXGroup;
			children = (
				80C109822975A56400D4BE16 /* GitHub Followers.app */,
			);
			name = Products;
			sourceTree = "<group>";
		};
		80C109842975A56400D4BE16 /* GitHub Followers */ = {
			isa = PBXGroup;
			children = (
				800CDCF82978521200330B7C /* Utilities */,
				800CDCF529784A9000330B7C /* Services */,
				800CDCF0297846ED00330B7C /* Model */,
				80C109932975A56500D4BE16 /* Info.plist */,
				8029D34A297709580092EB4E /* Support */,
				8029D3492977090B0092EB4E /* Extensions */,
				8029D348297708D90092EB4E /* Custom Views */,
				8029D347297708BE0092EB4E /* Screens */,
			);
			path = "GitHub Followers";
			sourceTree = "<group>";
		};
/* End PBXGroup section */

/* Begin PBXNativeTarget section */
		80C109812975A56400D4BE16 /* GitHub Followers */ = {
			isa = PBXNativeTarget;
			buildConfigurationList = 80C109962975A56500D4BE16 /* Build configuration list for PBXNativeTarget "GitHub Followers" */;
			buildPhases = (
				80C1097E2975A56400D4BE16 /* Sources */,
				80C1097F2975A56400D4BE16 /* Frameworks */,
				80C109802975A56400D4BE16 /* Resources */,
			);
			buildRules = (
			);
			dependencies = (
			);
			name = "GitHub Followers";
			productName = "GitHub Followers";
			productReference = 80C109822975A56400D4BE16 /* GitHub Followers.app */;
			productType = "com.apple.product-type.application";
		};
/* End PBXNativeTarget section */

/* Begin PBXProject section */
		80C1097A2975A56400D4BE16 /* Project object */ = {
			isa = PBXProject;
			attributes = {
				BuildIndependentTargetsInParallel = 1;
				LastSwiftUpdateCheck = 1410;
				LastUpgradeCheck = 1410;
				TargetAttributes = {
					80C109812975A56400D4BE16 = {
						CreatedOnToolsVersion = 14.1;
					};
				};
			};
			buildConfigurationList = 80C1097D2975A56400D4BE16 /* Build configuration list for PBXProject "GitHub Followers" */;
			compatibilityVersion = "Xcode 14.0";
			developmentRegion = en;
			hasScannedForEncodings = 0;
			knownRegions = (
				en,
				Base,
			);
			mainGroup = 80C109792975A56400D4BE16;
			productRefGroup = 80C109832975A56400D4BE16 /* Products */;
			projectDirPath = "";
			projectRoot = "";
			targets = (
				80C109812975A56400D4BE16 /* GitHub Followers */,
			);
		};
/* End PBXProject section */

/* Begin PBXResourcesBuildPhase section */
		80C109802975A56400D4BE16 /* Resources */ = {
			isa = PBXResourcesBuildPhase;
			buildActionMask = 2147483647;
			files = (
				80C109922975A56500D4BE16 /* LaunchScreen.storyboard in Resources */,
				80C1098F2975A56500D4BE16 /* Assets.xcassets in Resources */,
			);
			runOnlyForDeploymentPostprocessing = 0;
		};
/* End PBXResourcesBuildPhase section */

/* Begin PBXSourcesBuildPhase section */
		80C1097E2975A56400D4BE16 /* Sources */ = {
			isa = PBXSourcesBuildPhase;
			buildActionMask = 2147483647;
			files = (
				80027FA7297AE03F0036C0DF /* Constants.swift in Sources */,
				800CDCEF297840C400330B7C /* GFAlertContainerView.swift in Sources */,
				80027FA1297AD7BE0036C0DF /* GFError.swift in Sources */,
				800CDCFF2978597500330B7C /* GFAvatarImageView.swift in Sources */,
				800CDD0129786CFC00330B7C /* UIHelper.swift in Sources */,
				80C46728297AF15D0081E1A4 /* Date+Extension.swift in Sources */,
				800CDCF2297846FE00330B7C /* Follower.swift in Sources */,
				80C4672A297AF1890081E1A4 /* String+Extension.swift in Sources */,
				8029D3462976F9170092EB4E /* UIViewController+Extension.swift in Sources */,
				80C1099C2975AAB400D4BE16 /* FavoritesVC.swift in Sources */,
				80027FA9297AE7AA0036C0DF /* GFItemInfoView.swift in Sources */,
				80027FAB297AEA690036C0DF /* GFItemInfoVC.swift in Sources */,
				800CDCF729784AAC00330B7C /* NetworkManager.swift in Sources */,
				80C1099A2975AA9000D4BE16 /* SearchVC.swift in Sources */,
				80027FAD297AEDA80036C0DF /* GFRepoItemVC.swift in Sources */,
				80C1099E2975B19900D4BE16 /* GFButton.swift in Sources */,
				80C1098A2975A56400D4BE16 /* ViewController.swift in Sources */,
				80C109862975A56400D4BE16 /* AppDelegate.swift in Sources */,
				80E23891297AFC9A00F455BC /* GFFollowerItemVC.swift in Sources */,
				800CDCF42978477C00330B7C /* User.swift in Sources */,
				80027FA5297ADAE00036C0DF /* GFSecondaryTitleLabel.swift in Sources */,
				800CDCFD2978590E00330B7C /* FollowerCell.swift in Sources */,
				8029D3442976F3860092EB4E /* GFAlertVC.swift in Sources */,
				80027FA3297ADA840036C0DF /* GFUserInfoHeaderVC.swift in Sources */,
				80027F9D2979E3AA0036C0DF /* GFEmptyStateView.swift in Sources */,
				80C109882975A56400D4BE16 /* SceneDelegate.swift in Sources */,
				8029D3402976F2210092EB4E /* GFTitleLabel.swift in Sources */,
				80C109A22975C54A00D4BE16 /* FollowerListVC.swift in Sources */,
				80C109A02975B3EB00D4BE16 /* GFTextField.swift in Sources */,
				8029D3422976F30D0092EB4E /* GFBodyLabel.swift in Sources */,
				80027F9F297AC8BB0036C0DF /* UserInfoVC.swift in Sources */,
			);
			runOnlyForDeploymentPostprocessing = 0;
		};
/* End PBXSourcesBuildPhase section */

/* Begin PBXVariantGroup section */
		80C109902975A56500D4BE16 /* LaunchScreen.storyboard */ = {
			isa = PBXVariantGroup;
			children = (
				80C109912975A56500D4BE16 /* Base */,
			);
			name = LaunchScreen.storyboard;
			sourceTree = "<group>";
		};
/* End PBXVariantGroup section */

/* Begin XCBuildConfiguration section */
		80C109942975A56500D4BE16 /* Debug */ = {
			isa = XCBuildConfiguration;
			buildSettings = {
				ALWAYS_SEARCH_USER_PATHS = NO;
				CLANG_ANALYZER_NONNULL = YES;
				CLANG_ANALYZER_NUMBER_OBJECT_CONVERSION = YES_AGGRESSIVE;
				CLANG_CXX_LANGUAGE_STANDARD = "gnu++20";
				CLANG_ENABLE_MODULES = YES;
				CLANG_ENABLE_OBJC_ARC = YES;
				CLANG_ENABLE_OBJC_WEAK = YES;
				CLANG_WARN_BLOCK_CAPTURE_AUTORELEASING = YES;
				CLANG_WARN_BOOL_CONVERSION = YES;
				CLANG_WARN_COMMA = YES;
				CLANG_WARN_CONSTANT_CONVERSION = YES;
				CLANG_WARN_DEPRECATED_OBJC_IMPLEMENTATIONS = YES;
				CLANG_WARN_DIRECT_OBJC_ISA_USAGE = YES_ERROR;
				CLANG_WARN_DOCUMENTATION_COMMENTS = YES;
				CLANG_WARN_EMPTY_BODY = YES;
				CLANG_WARN_ENUM_CONVERSION = YES;
				CLANG_WARN_INFINITE_RECURSION = YES;
				CLANG_WARN_INT_CONVERSION = YES;
				CLANG_WARN_NON_LITERAL_NULL_CONVERSION = YES;
				CLANG_WARN_OBJC_IMPLICIT_RETAIN_SELF = YES;
				CLANG_WARN_OBJC_LITERAL_CONVERSION = YES;
				CLANG_WARN_OBJC_ROOT_CLASS = YES_ERROR;
				CLANG_WARN_QUOTED_INCLUDE_IN_FRAMEWORK_HEADER = YES;
				CLANG_WARN_RANGE_LOOP_ANALYSIS = YES;
				CLANG_WARN_STRICT_PROTOTYPES = YES;
				CLANG_WARN_SUSPICIOUS_MOVE = YES;
				CLANG_WARN_UNGUARDED_AVAILABILITY = YES_AGGRESSIVE;
				CLANG_WARN_UNREACHABLE_CODE = YES;
				CLANG_WARN__DUPLICATE_METHOD_MATCH = YES;
				COPY_PHASE_STRIP = NO;
				DEBUG_INFORMATION_FORMAT = dwarf;
				ENABLE_STRICT_OBJC_MSGSEND = YES;
				ENABLE_TESTABILITY = YES;
				GCC_C_LANGUAGE_STANDARD = gnu11;
				GCC_DYNAMIC_NO_PIC = NO;
				GCC_NO_COMMON_BLOCKS = YES;
				GCC_OPTIMIZATION_LEVEL = 0;
				GCC_PREPROCESSOR_DEFINITIONS = (
					"DEBUG=1",
					"$(inherited)",
				);
				GCC_WARN_64_TO_32_BIT_CONVERSION = YES;
				GCC_WARN_ABOUT_RETURN_TYPE = YES_ERROR;
				GCC_WARN_UNDECLARED_SELECTOR = YES;
				GCC_WARN_UNINITIALIZED_AUTOS = YES_AGGRESSIVE;
				GCC_WARN_UNUSED_FUNCTION = YES;
				GCC_WARN_UNUSED_VARIABLE = YES;
				IPHONEOS_DEPLOYMENT_TARGET = 15.0;
				MTL_ENABLE_DEBUG_INFO = INCLUDE_SOURCE;
				MTL_FAST_MATH = YES;
				ONLY_ACTIVE_ARCH = YES;
				SDKROOT = iphoneos;
				SWIFT_ACTIVE_COMPILATION_CONDITIONS = DEBUG;
				SWIFT_OPTIMIZATION_LEVEL = "-Onone";
			};
			name = Debug;
		};
		80C109952975A56500D4BE16 /* Release */ = {
			isa = XCBuildConfiguration;
			buildSettings = {
				ALWAYS_SEARCH_USER_PATHS = NO;
				CLANG_ANALYZER_NONNULL = YES;
				CLANG_ANALYZER_NUMBER_OBJECT_CONVERSION = YES_AGGRESSIVE;
				CLANG_CXX_LANGUAGE_STANDARD = "gnu++20";
				CLANG_ENABLE_MODULES = YES;
				CLANG_ENABLE_OBJC_ARC = YES;
				CLANG_ENABLE_OBJC_WEAK = YES;
				CLANG_WARN_BLOCK_CAPTURE_AUTORELEASING = YES;
				CLANG_WARN_BOOL_CONVERSION = YES;
				CLANG_WARN_COMMA = YES;
				CLANG_WARN_CONSTANT_CONVERSION = YES;
				CLANG_WARN_DEPRECATED_OBJC_IMPLEMENTATIONS = YES;
				CLANG_WARN_DIRECT_OBJC_ISA_USAGE = YES_ERROR;
				CLANG_WARN_DOCUMENTATION_COMMENTS = YES;
				CLANG_WARN_EMPTY_BODY = YES;
				CLANG_WARN_ENUM_CONVERSION = YES;
				CLANG_WARN_INFINITE_RECURSION = YES;
				CLANG_WARN_INT_CONVERSION = YES;
				CLANG_WARN_NON_LITERAL_NULL_CONVERSION = YES;
				CLANG_WARN_OBJC_IMPLICIT_RETAIN_SELF = YES;
				CLANG_WARN_OBJC_LITERAL_CONVERSION = YES;
				CLANG_WARN_OBJC_ROOT_CLASS = YES_ERROR;
				CLANG_WARN_QUOTED_INCLUDE_IN_FRAMEWORK_HEADER = YES;
				CLANG_WARN_RANGE_LOOP_ANALYSIS = YES;
				CLANG_WARN_STRICT_PROTOTYPES = YES;
				CLANG_WARN_SUSPICIOUS_MOVE = YES;
				CLANG_WARN_UNGUARDED_AVAILABILITY = YES_AGGRESSIVE;
				CLANG_WARN_UNREACHABLE_CODE = YES;
				CLANG_WARN__DUPLICATE_METHOD_MATCH = YES;
				COPY_PHASE_STRIP = NO;
				DEBUG_INFORMATION_FORMAT = "dwarf-with-dsym";
				ENABLE_NS_ASSERTIONS = NO;
				ENABLE_STRICT_OBJC_MSGSEND = YES;
				GCC_C_LANGUAGE_STANDARD = gnu11;
				GCC_NO_COMMON_BLOCKS = YES;
				GCC_WARN_64_TO_32_BIT_CONVERSION = YES;
				GCC_WARN_ABOUT_RETURN_TYPE = YES_ERROR;
				GCC_WARN_UNDECLARED_SELECTOR = YES;
				GCC_WARN_UNINITIALIZED_AUTOS = YES_AGGRESSIVE;
				GCC_WARN_UNUSED_FUNCTION = YES;
				GCC_WARN_UNUSED_VARIABLE = YES;
				IPHONEOS_DEPLOYMENT_TARGET = 15.0;
				MTL_ENABLE_DEBUG_INFO = NO;
				MTL_FAST_MATH = YES;
				SDKROOT = iphoneos;
				SWIFT_COMPILATION_MODE = wholemodule;
				SWIFT_OPTIMIZATION_LEVEL = "-O";
				VALIDATE_PRODUCT = YES;
			};
			name = Release;
		};
		80C109972975A56500D4BE16 /* Debug */ = {
			isa = XCBuildConfiguration;
			buildSettings = {
				ASSETCATALOG_COMPILER_APPICON_NAME = AppIcon;
				ASSETCATALOG_COMPILER_GLOBAL_ACCENT_COLOR_NAME = AccentColor;
				CODE_SIGN_STYLE = Automatic;
				CURRENT_PROJECT_VERSION = 1;
				DEVELOPMENT_TEAM = P54Q4XK6SM;
				GENERATE_INFOPLIST_FILE = YES;
				INFOPLIST_FILE = "GitHub Followers/Info.plist";
				INFOPLIST_KEY_UIApplicationSupportsIndirectInputEvents = YES;
				INFOPLIST_KEY_UILaunchStoryboardName = LaunchScreen;
				INFOPLIST_KEY_UISupportedInterfaceOrientations = UIInterfaceOrientationPortrait;
				IPHONEOS_DEPLOYMENT_TARGET = 15.0;
				LD_RUNPATH_SEARCH_PATHS = (
					"$(inherited)",
					"@executable_path/Frameworks",
				);
				MARKETING_VERSION = 1.0;
				PRODUCT_BUNDLE_IDENTIFIER = "com.ghf.GitHub-Followers";
				PRODUCT_NAME = "$(TARGET_NAME)";
				SUPPORTED_PLATFORMS = "iphoneos iphonesimulator";
				SUPPORTS_MACCATALYST = NO;
				SUPPORTS_MAC_DESIGNED_FOR_IPHONE_IPAD = NO;
				SWIFT_EMIT_LOC_STRINGS = YES;
				SWIFT_VERSION = 5.0;
				TARGETED_DEVICE_FAMILY = "1,2";
			};
			name = Debug;
		};
		80C109982975A56500D4BE16 /* Release */ = {
			isa = XCBuildConfiguration;
			buildSettings = {
				ASSETCATALOG_COMPILER_APPICON_NAME = AppIcon;
				ASSETCATALOG_COMPILER_GLOBAL_ACCENT_COLOR_NAME = AccentColor;
				CODE_SIGN_STYLE = Automatic;
				CURRENT_PROJECT_VERSION = 1;
				DEVELOPMENT_TEAM = P54Q4XK6SM;
				GENERATE_INFOPLIST_FILE = YES;
				INFOPLIST_FILE = "GitHub Followers/Info.plist";
				INFOPLIST_KEY_UIApplicationSupportsIndirectInputEvents = YES;
				INFOPLIST_KEY_UILaunchStoryboardName = LaunchScreen;
				INFOPLIST_KEY_UISupportedInterfaceOrientations = UIInterfaceOrientationPortrait;
				IPHONEOS_DEPLOYMENT_TARGET = 15.0;
				LD_RUNPATH_SEARCH_PATHS = (
					"$(inherited)",
					"@executable_path/Frameworks",
				);
				MARKETING_VERSION = 1.0;
				PRODUCT_BUNDLE_IDENTIFIER = "com.ghf.GitHub-Followers";
				PRODUCT_NAME = "$(TARGET_NAME)";
				SUPPORTED_PLATFORMS = "iphoneos iphonesimulator";
				SUPPORTS_MACCATALYST = NO;
				SUPPORTS_MAC_DESIGNED_FOR_IPHONE_IPAD = NO;
				SWIFT_EMIT_LOC_STRINGS = YES;
				SWIFT_VERSION = 5.0;
				TARGETED_DEVICE_FAMILY = "1,2";
			};
			name = Release;
		};
/* End XCBuildConfiguration section */

/* Begin XCConfigurationList section */
		80C1097D2975A56400D4BE16 /* Build configuration list for PBXProject "GitHub Followers" */ = {
			isa = XCConfigurationList;
			buildConfigurations = (
				80C109942975A56500D4BE16 /* Debug */,
				80C109952975A56500D4BE16 /* Release */,
			);
			defaultConfigurationIsVisible = 0;
			defaultConfigurationName = Release;
		};
		80C109962975A56500D4BE16 /* Build configuration list for PBXNativeTarget "GitHub Followers" */ = {
			isa = XCConfigurationList;
			buildConfigurations = (
				80C109972975A56500D4BE16 /* Debug */,
				80C109982975A56500D4BE16 /* Release */,
			);
			defaultConfigurationIsVisible = 0;
			defaultConfigurationName = Release;
		};
/* End XCConfigurationList section */
	};
	rootObject = 80C1097A2975A56400D4BE16 /* Project object */;
}
